// !$*UTF8*$!
{
	archiveVersion = 1;
	classes = {
	};
	objectVersion = 56;
	objects = {

/* Begin PBXBuildFile section */
		0C0E69CE2C2F6C42006A35AD /* SwiftUI_EssentialsApp.swift in Sources */ = {isa = PBXBuildFile; fileRef = 0C0E69CD2C2F6C42006A35AD /* SwiftUI_EssentialsApp.swift */; };
		0C0E69D02C2F6C42006A35AD /* ContentView.swift in Sources */ = {isa = PBXBuildFile; fileRef = 0C0E69CF2C2F6C42006A35AD /* ContentView.swift */; };
		0C0E69D22C2F6C45006A35AD /* Assets.xcassets in Resources */ = {isa = PBXBuildFile; fileRef = 0C0E69D12C2F6C45006A35AD /* Assets.xcassets */; };
		0C0E69D52C2F6C45006A35AD /* Preview Assets.xcassets in Resources */ = {isa = PBXBuildFile; fileRef = 0C0E69D42C2F6C45006A35AD /* Preview Assets.xcassets */; };
		0C0E69DC2C2F70B3006A35AD /* CircleImage.swift in Sources */ = {isa = PBXBuildFile; fileRef = 0C0E69DB2C2F70B3006A35AD /* CircleImage.swift */; };
		0C0E69DE2C2F7199006A35AD /* MapView.swift in Sources */ = {isa = PBXBuildFile; fileRef = 0C0E69DD2C2F7199006A35AD /* MapView.swift */; };
		0C0E69E02C2F7C8E006A35AD /* landmarkData.json in Resources */ = {isa = PBXBuildFile; fileRef = 0C0E69DF2C2F7C8E006A35AD /* landmarkData.json */; };
		0C0E69E22C2F7CA8006A35AD /* Landmark.swift in Sources */ = {isa = PBXBuildFile; fileRef = 0C0E69E12C2F7CA8006A35AD /* Landmark.swift */; };
		0C0E69E42C2F7DD7006A35AD /* ModelData.swift in Sources */ = {isa = PBXBuildFile; fileRef = 0C0E69E32C2F7DD7006A35AD /* ModelData.swift */; };
		0C0E69E92C2F7F81006A35AD /* LandmarkRow.swift in Sources */ = {isa = PBXBuildFile; fileRef = 0C0E69E82C2F7F81006A35AD /* LandmarkRow.swift */; };
		0C0E69EB2C2F812D006A35AD /* LandmarkList.swift in Sources */ = {isa = PBXBuildFile; fileRef = 0C0E69EA2C2F812D006A35AD /* LandmarkList.swift */; };
		0C0E69ED2C2F83A4006A35AD /* LandmarkDetail.swift in Sources */ = {isa = PBXBuildFile; fileRef = 0C0E69EC2C2F83A4006A35AD /* LandmarkDetail.swift */; };
		0C7066FF2C2FAC07007884AD /* FavoriteButton.swift in Sources */ = {isa = PBXBuildFile; fileRef = 0C7066FE2C2FAC07007884AD /* FavoriteButton.swift */; };
		0CAEC8792C93B770005E2333 /* Profile.swift in Sources */ = {isa = PBXBuildFile; fileRef = 0CAEC8782C93B770005E2333 /* Profile.swift */; };
		0CAEC87C2C93B799005E2333 /* ProfileHost.swift in Sources */ = {isa = PBXBuildFile; fileRef = 0CAEC87B2C93B799005E2333 /* ProfileHost.swift */; };
		0CAEC87E2C93B7D4005E2333 /* ProfileSummary.swift in Sources */ = {isa = PBXBuildFile; fileRef = 0CAEC87D2C93B7D4005E2333 /* ProfileSummary.swift */; };
		0CAEC8802C93B875005E2333 /* HikeBadge.swift in Sources */ = {isa = PBXBuildFile; fileRef = 0CAEC87F2C93B875005E2333 /* HikeBadge.swift */; };
		0CDC95712C309BF100057187 /* HexagonParameters.swift in Sources */ = {isa = PBXBuildFile; fileRef = 0CDC95702C309BF100057187 /* HexagonParameters.swift */; };
		0CDC95732C309D0500057187 /* BadgeBackground.swift in Sources */ = {isa = PBXBuildFile; fileRef = 0CDC95722C309D0500057187 /* BadgeBackground.swift */; };
		0CDC95752C31BDE100057187 /* BadgeSymbol.swift in Sources */ = {isa = PBXBuildFile; fileRef = 0CDC95742C31BDE100057187 /* BadgeSymbol.swift */; };
		0CDC95772C31C55C00057187 /* RotatedBadgeSymbol.swift in Sources */ = {isa = PBXBuildFile; fileRef = 0CDC95762C31C55C00057187 /* RotatedBadgeSymbol.swift */; };
		0CDC95792C31C5FC00057187 /* Badge.swift in Sources */ = {isa = PBXBuildFile; fileRef = 0CDC95782C31C5FC00057187 /* Badge.swift */; };
		0CDC957C2C31C9DB00057187 /* hikeData.json in Resources */ = {isa = PBXBuildFile; fileRef = 0CDC957B2C31C9DB00057187 /* hikeData.json */; };
		0CDC957E2C31CA0200057187 /* Hike.swift in Sources */ = {isa = PBXBuildFile; fileRef = 0CDC957D2C31CA0200057187 /* Hike.swift */; };
		0CDC95842C31CBA800057187 /* GraphCapsule.swift in Sources */ = {isa = PBXBuildFile; fileRef = 0CDC957F2C31CBA800057187 /* GraphCapsule.swift */; };
		0CDC95852C31CBA800057187 /* HikeDetail.swift in Sources */ = {isa = PBXBuildFile; fileRef = 0CDC95802C31CBA800057187 /* HikeDetail.swift */; };
		0CDC95862C31CBA800057187 /* HikeGraph.swift in Sources */ = {isa = PBXBuildFile; fileRef = 0CDC95812C31CBA800057187 /* HikeGraph.swift */; };
		0CDC95872C31CBA800057187 /* HikeView.swift in Sources */ = {isa = PBXBuildFile; fileRef = 0CDC95822C31CBA800057187 /* HikeView.swift */; };
		0CDC958A2C31D99D00057187 /* CategoryHome.swift in Sources */ = {isa = PBXBuildFile; fileRef = 0CDC95892C31D99D00057187 /* CategoryHome.swift */; };
		0CDC958C2C31DC4A00057187 /* CategoryRow.swift in Sources */ = {isa = PBXBuildFile; fileRef = 0CDC958B2C31DC4A00057187 /* CategoryRow.swift */; };
		0CDC958E2C31DDB500057187 /* CategoryItem.swift in Sources */ = {isa = PBXBuildFile; fileRef = 0CDC958D2C31DDB500057187 /* CategoryItem.swift */; };
/* End PBXBuildFile section */

/* Begin PBXFileReference section */
		0C0E69CA2C2F6C42006A35AD /* SwiftUI-Essentials.app */ = {isa = PBXFileReference; explicitFileType = wrapper.application; includeInIndex = 0; path = "SwiftUI-Essentials.app"; sourceTree = BUILT_PRODUCTS_DIR; };
		0C0E69CD2C2F6C42006A35AD /* SwiftUI_EssentialsApp.swift */ = {isa = PBXFileReference; lastKnownFileType = sourcecode.swift; path = SwiftUI_EssentialsApp.swift; sourceTree = "<group>"; };
		0C0E69CF2C2F6C42006A35AD /* ContentView.swift */ = {isa = PBXFileReference; lastKnownFileType = sourcecode.swift; path = ContentView.swift; sourceTree = "<group>"; };
		0C0E69D12C2F6C45006A35AD /* Assets.xcassets */ = {isa = PBXFileReference; lastKnownFileType = folder.assetcatalog; path = Assets.xcassets; sourceTree = "<group>"; };
		0C0E69D42C2F6C45006A35AD /* Preview Assets.xcassets */ = {isa = PBXFileReference; lastKnownFileType = folder.assetcatalog; path = "Preview Assets.xcassets"; sourceTree = "<group>"; };
		0C0E69DB2C2F70B3006A35AD /* CircleImage.swift */ = {isa = PBXFileReference; lastKnownFileType = sourcecode.swift; path = CircleImage.swift; sourceTree = "<group>"; };
		0C0E69DD2C2F7199006A35AD /* MapView.swift */ = {isa = PBXFileReference; lastKnownFileType = sourcecode.swift; path = MapView.swift; sourceTree = "<group>"; };
		0C0E69DF2C2F7C8E006A35AD /* landmarkData.json */ = {isa = PBXFileReference; fileEncoding = 4; lastKnownFileType = text.json; path = landmarkData.json; sourceTree = "<group>"; };
		0C0E69E12C2F7CA8006A35AD /* Landmark.swift */ = {isa = PBXFileReference; lastKnownFileType = sourcecode.swift; path = Landmark.swift; sourceTree = "<group>"; };
		0C0E69E32C2F7DD7006A35AD /* ModelData.swift */ = {isa = PBXFileReference; lastKnownFileType = sourcecode.swift; path = ModelData.swift; sourceTree = "<group>"; };
		0C0E69E82C2F7F81006A35AD /* LandmarkRow.swift */ = {isa = PBXFileReference; lastKnownFileType = sourcecode.swift; path = LandmarkRow.swift; sourceTree = "<group>"; };
		0C0E69EA2C2F812D006A35AD /* LandmarkList.swift */ = {isa = PBXFileReference; lastKnownFileType = sourcecode.swift; path = LandmarkList.swift; sourceTree = "<group>"; };
		0C0E69EC2C2F83A4006A35AD /* LandmarkDetail.swift */ = {isa = PBXFileReference; lastKnownFileType = sourcecode.swift; path = LandmarkDetail.swift; sourceTree = "<group>"; };
		0C7066FE2C2FAC07007884AD /* FavoriteButton.swift */ = {isa = PBXFileReference; lastKnownFileType = sourcecode.swift; path = FavoriteButton.swift; sourceTree = "<group>"; };
		0CAEC8782C93B770005E2333 /* Profile.swift */ = {isa = PBXFileReference; lastKnownFileType = sourcecode.swift; path = Profile.swift; sourceTree = "<group>"; };
		0CAEC87B2C93B799005E2333 /* ProfileHost.swift */ = {isa = PBXFileReference; lastKnownFileType = sourcecode.swift; path = ProfileHost.swift; sourceTree = "<group>"; };
		0CAEC87D2C93B7D4005E2333 /* ProfileSummary.swift */ = {isa = PBXFileReference; lastKnownFileType = sourcecode.swift; path = ProfileSummary.swift; sourceTree = "<group>"; };
		0CAEC87F2C93B875005E2333 /* HikeBadge.swift */ = {isa = PBXFileReference; lastKnownFileType = sourcecode.swift; path = HikeBadge.swift; sourceTree = "<group>"; };
		0CDC95702C309BF100057187 /* HexagonParameters.swift */ = {isa = PBXFileReference; lastKnownFileType = sourcecode.swift; path = HexagonParameters.swift; sourceTree = "<group>"; };
		0CDC95722C309D0500057187 /* BadgeBackground.swift */ = {isa = PBXFileReference; lastKnownFileType = sourcecode.swift; path = BadgeBackground.swift; sourceTree = "<group>"; };
		0CDC95742C31BDE100057187 /* BadgeSymbol.swift */ = {isa = PBXFileReference; lastKnownFileType = sourcecode.swift; path = BadgeSymbol.swift; sourceTree = "<group>"; };
		0CDC95762C31C55C00057187 /* RotatedBadgeSymbol.swift */ = {isa = PBXFileReference; lastKnownFileType = sourcecode.swift; path = RotatedBadgeSymbol.swift; sourceTree = "<group>"; };
		0CDC95782C31C5FC00057187 /* Badge.swift */ = {isa = PBXFileReference; lastKnownFileType = sourcecode.swift; path = Badge.swift; sourceTree = "<group>"; };
		0CDC957B2C31C9DB00057187 /* hikeData.json */ = {isa = PBXFileReference; fileEncoding = 4; lastKnownFileType = text.json; path = hikeData.json; sourceTree = "<group>"; };
		0CDC957D2C31CA0200057187 /* Hike.swift */ = {isa = PBXFileReference; lastKnownFileType = sourcecode.swift; path = Hike.swift; sourceTree = "<group>"; };
		0CDC957F2C31CBA800057187 /* GraphCapsule.swift */ = {isa = PBXFileReference; fileEncoding = 4; lastKnownFileType = sourcecode.swift; path = GraphCapsule.swift; sourceTree = "<group>"; };
		0CDC95802C31CBA800057187 /* HikeDetail.swift */ = {isa = PBXFileReference; fileEncoding = 4; lastKnownFileType = sourcecode.swift; path = HikeDetail.swift; sourceTree = "<group>"; };
		0CDC95812C31CBA800057187 /* HikeGraph.swift */ = {isa = PBXFileReference; fileEncoding = 4; lastKnownFileType = sourcecode.swift; path = HikeGraph.swift; sourceTree = "<group>"; };
		0CDC95822C31CBA800057187 /* HikeView.swift */ = {isa = PBXFileReference; fileEncoding = 4; lastKnownFileType = sourcecode.swift; path = HikeView.swift; sourceTree = "<group>"; };
		0CDC95892C31D99D00057187 /* CategoryHome.swift */ = {isa = PBXFileReference; lastKnownFileType = sourcecode.swift; path = CategoryHome.swift; sourceTree = "<group>"; };
		0CDC958B2C31DC4A00057187 /* CategoryRow.swift */ = {isa = PBXFileReference; lastKnownFileType = sourcecode.swift; path = CategoryRow.swift; sourceTree = "<group>"; };
		0CDC958D2C31DDB500057187 /* CategoryItem.swift */ = {isa = PBXFileReference; lastKnownFileType = sourcecode.swift; path = CategoryItem.swift; sourceTree = "<group>"; };
/* End PBXFileReference section */

/* Begin PBXFrameworksBuildPhase section */
		0C0E69C72C2F6C42006A35AD /* Frameworks */ = {
			isa = PBXFrameworksBuildPhase;
			buildActionMask = 2147483647;
			files = (
			);
			runOnlyForDeploymentPostprocessing = 0;
		};
/* End PBXFrameworksBuildPhase section */

/* Begin PBXGroup section */
		0C0E69C12C2F6C42006A35AD = {
			isa = PBXGroup;
			children = (
				0C0E69CC2C2F6C42006A35AD /* SwiftUI-Essentials */,
				0C0E69CB2C2F6C42006A35AD /* Products */,
			);
			sourceTree = "<group>";
		};
		0C0E69CB2C2F6C42006A35AD /* Products */ = {
			isa = PBXGroup;
			children = (
				0C0E69CA2C2F6C42006A35AD /* SwiftUI-Essentials.app */,
			);
			name = Products;
			sourceTree = "<group>";
		};
		0C0E69CC2C2F6C42006A35AD /* SwiftUI-Essentials */ = {
			isa = PBXGroup;
			children = (
				0C0E69CD2C2F6C42006A35AD /* SwiftUI_EssentialsApp.swift */,
				0C0E69E52C2F7EFC006A35AD /* Views */,
				0C0E69E72C2F7F26006A35AD /* Model */,
				0C0E69E62C2F7F11006A35AD /* Resources */,
				0C0E69D12C2F6C45006A35AD /* Assets.xcassets */,
				0C0E69D32C2F6C45006A35AD /* Preview Content */,
			);
			path = "SwiftUI-Essentials";
			sourceTree = "<group>";
		};
		0C0E69D32C2F6C45006A35AD /* Preview Content */ = {
			isa = PBXGroup;
			children = (
				0C0E69D42C2F6C45006A35AD /* Preview Assets.xcassets */,
			);
			path = "Preview Content";
			sourceTree = "<group>";
		};
		0C0E69E52C2F7EFC006A35AD /* Views */ = {
			isa = PBXGroup;
			children = (
				0CAEC87A2C93B785005E2333 /* Profiles */,
				0CDC95882C31D93C00057187 /* Categories */,
				0C0E69CF2C2F6C42006A35AD /* ContentView.swift */,
				0CDC95832C31CBA800057187 /* Hikes */,
				0C7067002C2FACEA007884AD /* Helpers */,
				0C7067012C2FAD0B007884AD /* Landmarks */,
				0CDC957A2C31C8B800057187 /* Badges */,
			);
			path = Views;
			sourceTree = "<group>";
		};
		0C0E69E62C2F7F11006A35AD /* Resources */ = {
			isa = PBXGroup;
			children = (
				0CDC957B2C31C9DB00057187 /* hikeData.json */,
				0C0E69DF2C2F7C8E006A35AD /* landmarkData.json */,
			);
			path = Resources;
			sourceTree = "<group>";
		};
		0C0E69E72C2F7F26006A35AD /* Model */ = {
			isa = PBXGroup;
			children = (
				0C0E69E12C2F7CA8006A35AD /* Landmark.swift */,
				0C0E69E32C2F7DD7006A35AD /* ModelData.swift */,
				0CDC957D2C31CA0200057187 /* Hike.swift */,
				0CAEC8782C93B770005E2333 /* Profile.swift */,
			);
			path = Model;
			sourceTree = "<group>";
		};
		0C7067002C2FACEA007884AD /* Helpers */ = {
			isa = PBXGroup;
			children = (
				0C0E69DD2C2F7199006A35AD /* MapView.swift */,
				0C7066FE2C2FAC07007884AD /* FavoriteButton.swift */,
				0C0E69DB2C2F70B3006A35AD /* CircleImage.swift */,
			);
			path = Helpers;
			sourceTree = "<group>";
		};
		0C7067012C2FAD0B007884AD /* Landmarks */ = {
			isa = PBXGroup;
			children = (
				0C0E69E82C2F7F81006A35AD /* LandmarkRow.swift */,
				0C0E69EA2C2F812D006A35AD /* LandmarkList.swift */,
				0C0E69EC2C2F83A4006A35AD /* LandmarkDetail.swift */,
			);
			path = Landmarks;
			sourceTree = "<group>";
		};
		0CAEC87A2C93B785005E2333 /* Profiles */ = {
			isa = PBXGroup;
			children = (
				0CAEC87B2C93B799005E2333 /* ProfileHost.swift */,
				0CAEC87D2C93B7D4005E2333 /* ProfileSummary.swift */,
			);
			path = Profiles;
			sourceTree = "<group>";
		};
		0CDC957A2C31C8B800057187 /* Badges */ = {
			isa = PBXGroup;
			children = (
				0CDC95702C309BF100057187 /* HexagonParameters.swift */,
				0CDC95722C309D0500057187 /* BadgeBackground.swift */,
				0CDC95742C31BDE100057187 /* BadgeSymbol.swift */,
				0CDC95762C31C55C00057187 /* RotatedBadgeSymbol.swift */,
				0CDC95782C31C5FC00057187 /* Badge.swift */,
			);
			path = Badges;
			sourceTree = "<group>";
		};
		0CDC95832C31CBA800057187 /* Hikes */ = {
			isa = PBXGroup;
			children = (
				0CDC957F2C31CBA800057187 /* GraphCapsule.swift */,
				0CDC95802C31CBA800057187 /* HikeDetail.swift */,
				0CDC95812C31CBA800057187 /* HikeGraph.swift */,
				0CDC95822C31CBA800057187 /* HikeView.swift */,
				0CAEC87F2C93B875005E2333 /* HikeBadge.swift */,
			);
			path = Hikes;
			sourceTree = "<group>";
		};
		0CDC95882C31D93C00057187 /* Categories */ = {
			isa = PBXGroup;
			children = (
				0CDC95892C31D99D00057187 /* CategoryHome.swift */,
				0CDC958B2C31DC4A00057187 /* CategoryRow.swift */,
				0CDC958D2C31DDB500057187 /* CategoryItem.swift */,
			);
			path = Categories;
			sourceTree = "<group>";
		};
/* End PBXGroup section */

/* Begin PBXNativeTarget section */
		0C0E69C92C2F6C42006A35AD /* SwiftUI-Essentials */ = {
			isa = PBXNativeTarget;
			buildConfigurationList = 0C0E69D82C2F6C45006A35AD /* Build configuration list for PBXNativeTarget "SwiftUI-Essentials" */;
			buildPhases = (
				0C0E69C62C2F6C42006A35AD /* Sources */,
				0C0E69C72C2F6C42006A35AD /* Frameworks */,
				0C0E69C82C2F6C42006A35AD /* Resources */,
			);
			buildRules = (
			);
			dependencies = (
			);
			name = "SwiftUI-Essentials";
			productName = "SwiftUI-Essentials";
			productReference = 0C0E69CA2C2F6C42006A35AD /* SwiftUI-Essentials.app */;
			productType = "com.apple.product-type.application";
		};
/* End PBXNativeTarget section */

/* Begin PBXProject section */
		0C0E69C22C2F6C42006A35AD /* Project object */ = {
			isa = PBXProject;
			attributes = {
				BuildIndependentTargetsInParallel = 1;
				LastSwiftUpdateCheck = 1540;
				LastUpgradeCheck = 1540;
				TargetAttributes = {
					0C0E69C92C2F6C42006A35AD = {
						CreatedOnToolsVersion = 15.4;
					};
				};
			};
			buildConfigurationList = 0C0E69C52C2F6C42006A35AD /* Build configuration list for PBXProject "SwiftUI-Essentials" */;
			compatibilityVersion = "Xcode 14.0";
			developmentRegion = en;
			hasScannedForEncodings = 0;
			knownRegions = (
				en,
				Base,
			);
			mainGroup = 0C0E69C12C2F6C42006A35AD;
			productRefGroup = 0C0E69CB2C2F6C42006A35AD /* Products */;
			projectDirPath = "";
			projectRoot = "";
			targets = (
				0C0E69C92C2F6C42006A35AD /* SwiftUI-Essentials */,
			);
		};
/* End PBXProject section */

/* Begin PBXResourcesBuildPhase section */
		0C0E69C82C2F6C42006A35AD /* Resources */ = {
			isa = PBXResourcesBuildPhase;
			buildActionMask = 2147483647;
			files = (
				0CDC957C2C31C9DB00057187 /* hikeData.json in Resources */,
				0C0E69D52C2F6C45006A35AD /* Preview Assets.xcassets in Resources */,
				0C0E69D22C2F6C45006A35AD /* Assets.xcassets in Resources */,
				0C0E69E02C2F7C8E006A35AD /* landmarkData.json in Resources */,
			);
			runOnlyForDeploymentPostprocessing = 0;
		};
/* End PBXResourcesBuildPhase section */

/* Begin PBXSourcesBuildPhase section */
		0C0E69C62C2F6C42006A35AD /* Sources */ = {
			isa = PBXSourcesBuildPhase;
			buildActionMask = 2147483647;
			files = (
				0CDC958C2C31DC4A00057187 /* CategoryRow.swift in Sources */,
				0CAEC8792C93B770005E2333 /* Profile.swift in Sources */,
				0C0E69D02C2F6C42006A35AD /* ContentView.swift in Sources */,
				0CDC958A2C31D99D00057187 /* CategoryHome.swift in Sources */,
				0CDC95792C31C5FC00057187 /* Badge.swift in Sources */,
				0C0E69DE2C2F7199006A35AD /* MapView.swift in Sources */,
				0CDC95842C31CBA800057187 /* GraphCapsule.swift in Sources */,
				0CDC95862C31CBA800057187 /* HikeGraph.swift in Sources */,
				0C0E69CE2C2F6C42006A35AD /* SwiftUI_EssentialsApp.swift in Sources */,
				0C7066FF2C2FAC07007884AD /* FavoriteButton.swift in Sources */,
				0CDC958E2C31DDB500057187 /* CategoryItem.swift in Sources */,
				0CDC95712C309BF100057187 /* HexagonParameters.swift in Sources */,
				0CAEC87E2C93B7D4005E2333 /* ProfileSummary.swift in Sources */,
				0CDC957E2C31CA0200057187 /* Hike.swift in Sources */,
				0CAEC87C2C93B799005E2333 /* ProfileHost.swift in Sources */,
				0CDC95772C31C55C00057187 /* RotatedBadgeSymbol.swift in Sources */,
				0CDC95752C31BDE100057187 /* BadgeSymbol.swift in Sources */,
				0C0E69EB2C2F812D006A35AD /* LandmarkList.swift in Sources */,
				0CDC95852C31CBA800057187 /* HikeDetail.swift in Sources */,
				0CDC95872C31CBA800057187 /* HikeView.swift in Sources */,
				0C0E69ED2C2F83A4006A35AD /* LandmarkDetail.swift in Sources */,
				0CDC95732C309D0500057187 /* BadgeBackground.swift in Sources */,
				0CAEC8802C93B875005E2333 /* HikeBadge.swift in Sources */,
				0C0E69DC2C2F70B3006A35AD /* CircleImage.swift in Sources */,
				0C0E69E22C2F7CA8006A35AD /* Landmark.swift in Sources */,
				0C0E69E92C2F7F81006A35AD /* LandmarkRow.swift in Sources */,
				0C0E69E42C2F7DD7006A35AD /* ModelData.swift in Sources */,
			);
			runOnlyForDeploymentPostprocessing = 0;
		};
/* End PBXSourcesBuildPhase section */

/* Begin XCBuildConfiguration section */
		0C0E69D62C2F6C45006A35AD /* Debug */ = {
			isa = XCBuildConfiguration;
			buildSettings = {
				ALWAYS_SEARCH_USER_PATHS = NO;
				ASSETCATALOG_COMPILER_GENERATE_SWIFT_ASSET_SYMBOL_EXTENSIONS = YES;
				CLANG_ANALYZER_NONNULL = YES;
				CLANG_ANALYZER_NUMBER_OBJECT_CONVERSION = YES_AGGRESSIVE;
				CLANG_CXX_LANGUAGE_STANDARD = "gnu++20";
				CLANG_ENABLE_MODULES = YES;
				CLANG_ENABLE_OBJC_ARC = YES;
				CLANG_ENABLE_OBJC_WEAK = YES;
				CLANG_WARN_BLOCK_CAPTURE_AUTORELEASING = YES;
				CLANG_WARN_BOOL_CONVERSION = YES;
				CLANG_WARN_COMMA = YES;
				CLANG_WARN_CONSTANT_CONVERSION = YES;
				CLANG_WARN_DEPRECATED_OBJC_IMPLEMENTATIONS = YES;
				CLANG_WARN_DIRECT_OBJC_ISA_USAGE = YES_ERROR;
				CLANG_WARN_DOCUMENTATION_COMMENTS = YES;
				CLANG_WARN_EMPTY_BODY = YES;
				CLANG_WARN_ENUM_CONVERSION = YES;
				CLANG_WARN_INFINITE_RECURSION = YES;
				CLANG_WARN_INT_CONVERSION = YES;
				CLANG_WARN_NON_LITERAL_NULL_CONVERSION = YES;
				CLANG_WARN_OBJC_IMPLICIT_RETAIN_SELF = YES;
				CLANG_WARN_OBJC_LITERAL_CONVERSION = YES;
				CLANG_WARN_OBJC_ROOT_CLASS = YES_ERROR;
				CLANG_WARN_QUOTED_INCLUDE_IN_FRAMEWORK_HEADER = YES;
				CLANG_WARN_RANGE_LOOP_ANALYSIS = YES;
				CLANG_WARN_STRICT_PROTOTYPES = YES;
				CLANG_WARN_SUSPICIOUS_MOVE = YES;
				CLANG_WARN_UNGUARDED_AVAILABILITY = YES_AGGRESSIVE;
				CLANG_WARN_UNREACHABLE_CODE = YES;
				CLANG_WARN__DUPLICATE_METHOD_MATCH = YES;
				COPY_PHASE_STRIP = NO;
				DEBUG_INFORMATION_FORMAT = dwarf;
				ENABLE_STRICT_OBJC_MSGSEND = YES;
				ENABLE_TESTABILITY = YES;
				ENABLE_USER_SCRIPT_SANDBOXING = YES;
				GCC_C_LANGUAGE_STANDARD = gnu17;
				GCC_DYNAMIC_NO_PIC = NO;
				GCC_NO_COMMON_BLOCKS = YES;
				GCC_OPTIMIZATION_LEVEL = 0;
				GCC_PREPROCESSOR_DEFINITIONS = (
					"DEBUG=1",
					"$(inherited)",
				);
				GCC_WARN_64_TO_32_BIT_CONVERSION = YES;
				GCC_WARN_ABOUT_RETURN_TYPE = YES_ERROR;
				GCC_WARN_UNDECLARED_SELECTOR = YES;
				GCC_WARN_UNINITIALIZED_AUTOS = YES_AGGRESSIVE;
				GCC_WARN_UNUSED_FUNCTION = YES;
				GCC_WARN_UNUSED_VARIABLE = YES;
				IPHONEOS_DEPLOYMENT_TARGET = 17.5;
				LOCALIZATION_PREFERS_STRING_CATALOGS = YES;
				MTL_ENABLE_DEBUG_INFO = INCLUDE_SOURCE;
				MTL_FAST_MATH = YES;
				ONLY_ACTIVE_ARCH = YES;
				SDKROOT = iphoneos;
				SWIFT_ACTIVE_COMPILATION_CONDITIONS = "DEBUG $(inherited)";
				SWIFT_OPTIMIZATION_LEVEL = "-Onone";
			};
			name = Debug;
		};
		0C0E69D72C2F6C45006A35AD /* Release */ = {
			isa = XCBuildConfiguration;
			buildSettings = {
				ALWAYS_SEARCH_USER_PATHS = NO;
				ASSETCATALOG_COMPILER_GENERATE_SWIFT_ASSET_SYMBOL_EXTENSIONS = YES;
				CLANG_ANALYZER_NONNULL = YES;
				CLANG_ANALYZER_NUMBER_OBJECT_CONVERSION = YES_AGGRESSIVE;
				CLANG_CXX_LANGUAGE_STANDARD = "gnu++20";
				CLANG_ENABLE_MODULES = YES;
				CLANG_ENABLE_OBJC_ARC = YES;
				CLANG_ENABLE_OBJC_WEAK = YES;
				CLANG_WARN_BLOCK_CAPTURE_AUTORELEASING = YES;
				CLANG_WARN_BOOL_CONVERSION = YES;
				CLANG_WARN_COMMA = YES;
				CLANG_WARN_CONSTANT_CONVERSION = YES;
				CLANG_WARN_DEPRECATED_OBJC_IMPLEMENTATIONS = YES;
				CLANG_WARN_DIRECT_OBJC_ISA_USAGE = YES_ERROR;
				CLANG_WARN_DOCUMENTATION_COMMENTS = YES;
				CLANG_WARN_EMPTY_BODY = YES;
				CLANG_WARN_ENUM_CONVERSION = YES;
				CLANG_WARN_INFINITE_RECURSION = YES;
				CLANG_WARN_INT_CONVERSION = YES;
				CLANG_WARN_NON_LITERAL_NULL_CONVERSION = YES;
				CLANG_WARN_OBJC_IMPLICIT_RETAIN_SELF = YES;
				CLANG_WARN_OBJC_LITERAL_CONVERSION = YES;
				CLANG_WARN_OBJC_ROOT_CLASS = YES_ERROR;
				CLANG_WARN_QUOTED_INCLUDE_IN_FRAMEWORK_HEADER = YES;
				CLANG_WARN_RANGE_LOOP_ANALYSIS = YES;
				CLANG_WARN_STRICT_PROTOTYPES = YES;
				CLANG_WARN_SUSPICIOUS_MOVE = YES;
				CLANG_WARN_UNGUARDED_AVAILABILITY = YES_AGGRESSIVE;
				CLANG_WARN_UNREACHABLE_CODE = YES;
				CLANG_WARN__DUPLICATE_METHOD_MATCH = YES;
				COPY_PHASE_STRIP = NO;
				DEBUG_INFORMATION_FORMAT = "dwarf-with-dsym";
				ENABLE_NS_ASSERTIONS = NO;
				ENABLE_STRICT_OBJC_MSGSEND = YES;
				ENABLE_USER_SCRIPT_SANDBOXING = YES;
				GCC_C_LANGUAGE_STANDARD = gnu17;
				GCC_NO_COMMON_BLOCKS = YES;
				GCC_WARN_64_TO_32_BIT_CONVERSION = YES;
				GCC_WARN_ABOUT_RETURN_TYPE = YES_ERROR;
				GCC_WARN_UNDECLARED_SELECTOR = YES;
				GCC_WARN_UNINITIALIZED_AUTOS = YES_AGGRESSIVE;
				GCC_WARN_UNUSED_FUNCTION = YES;
				GCC_WARN_UNUSED_VARIABLE = YES;
				IPHONEOS_DEPLOYMENT_TARGET = 17.5;
				LOCALIZATION_PREFERS_STRING_CATALOGS = YES;
				MTL_ENABLE_DEBUG_INFO = NO;
				MTL_FAST_MATH = YES;
				SDKROOT = iphoneos;
				SWIFT_COMPILATION_MODE = wholemodule;
				VALIDATE_PRODUCT = YES;
			};
			name = Release;
		};
		0C0E69D92C2F6C45006A35AD /* Debug */ = {
			isa = XCBuildConfiguration;
			buildSettings = {
				ASSETCATALOG_COMPILER_APPICON_NAME = AppIcon;
				ASSETCATALOG_COMPILER_GLOBAL_ACCENT_COLOR_NAME = AccentColor;
				CODE_SIGN_STYLE = Automatic;
				CURRENT_PROJECT_VERSION = 1;
				DEVELOPMENT_ASSET_PATHS = "\"SwiftUI-Essentials/Preview Content\"";
				DEVELOPMENT_TEAM = BR957994MU;
				ENABLE_PREVIEWS = YES;
				GENERATE_INFOPLIST_FILE = YES;
				INFOPLIST_KEY_UIApplicationSceneManifest_Generation = YES;
				INFOPLIST_KEY_UIApplicationSupportsIndirectInputEvents = YES;
				INFOPLIST_KEY_UILaunchScreen_Generation = YES;
				INFOPLIST_KEY_UISupportedInterfaceOrientations_iPad = "UIInterfaceOrientationPortrait UIInterfaceOrientationPortraitUpsideDown UIInterfaceOrientationLandscapeLeft UIInterfaceOrientationLandscapeRight";
				INFOPLIST_KEY_UISupportedInterfaceOrientations_iPhone = "UIInterfaceOrientationPortrait UIInterfaceOrientationLandscapeLeft UIInterfaceOrientationLandscapeRight";
				LD_RUNPATH_SEARCH_PATHS = (
					"$(inherited)",
					"@executable_path/Frameworks",
				);
				MARKETING_VERSION = 1.0;
				PRODUCT_BUNDLE_IDENTIFIER = "poncegl.SwiftUI-Essentials";
				PRODUCT_NAME = "$(TARGET_NAME)";
				SWIFT_EMIT_LOC_STRINGS = YES;
				SWIFT_VERSION = 5.0;
				TARGETED_DEVICE_FAMILY = "1,2";
			};
			name = Debug;
		};
		0C0E69DA2C2F6C45006A35AD /* Release */ = {
			isa = XCBuildConfiguration;
			buildSettings = {
				ASSETCATALOG_COMPILER_APPICON_NAME = AppIcon;
				ASSETCATALOG_COMPILER_GLOBAL_ACCENT_COLOR_NAME = AccentColor;
				CODE_SIGN_STYLE = Automatic;
				CURRENT_PROJECT_VERSION = 1;
				DEVELOPMENT_ASSET_PATHS = "\"SwiftUI-Essentials/Preview Content\"";
				DEVELOPMENT_TEAM = BR957994MU;
				ENABLE_PREVIEWS = YES;
				GENERATE_INFOPLIST_FILE = YES;
				INFOPLIST_KEY_UIApplicationSceneManifest_Generation = YES;
				INFOPLIST_KEY_UIApplicationSupportsIndirectInputEvents = YES;
				INFOPLIST_KEY_UILaunchScreen_Generation = YES;
				INFOPLIST_KEY_UISupportedInterfaceOrientations_iPad = "UIInterfaceOrientationPortrait UIInterfaceOrientationPortraitUpsideDown UIInterfaceOrientationLandscapeLeft UIInterfaceOrientationLandscapeRight";
				INFOPLIST_KEY_UISupportedInterfaceOrientations_iPhone = "UIInterfaceOrientationPortrait UIInterfaceOrientationLandscapeLeft UIInterfaceOrientationLandscapeRight";
				LD_RUNPATH_SEARCH_PATHS = (
					"$(inherited)",
					"@executable_path/Frameworks",
				);
				MARKETING_VERSION = 1.0;
				PRODUCT_BUNDLE_IDENTIFIER = "poncegl.SwiftUI-Essentials";
				PRODUCT_NAME = "$(TARGET_NAME)";
				SWIFT_EMIT_LOC_STRINGS = YES;
				SWIFT_VERSION = 5.0;
				TARGETED_DEVICE_FAMILY = "1,2";
			};
			name = Release;
		};
/* End XCBuildConfiguration section */

/* Begin XCConfigurationList section */
		0C0E69C52C2F6C42006A35AD /* Build configuration list for PBXProject "SwiftUI-Essentials" */ = {
			isa = XCConfigurationList;
			buildConfigurations = (
				0C0E69D62C2F6C45006A35AD /* Debug */,
				0C0E69D72C2F6C45006A35AD /* Release */,
			);
			defaultConfigurationIsVisible = 0;
			defaultConfigurationName = Release;
		};
		0C0E69D82C2F6C45006A35AD /* Build configuration list for PBXNativeTarget "SwiftUI-Essentials" */ = {
			isa = XCConfigurationList;
			buildConfigurations = (
				0C0E69D92C2F6C45006A35AD /* Debug */,
				0C0E69DA2C2F6C45006A35AD /* Release */,
			);
			defaultConfigurationIsVisible = 0;
			defaultConfigurationName = Release;
		};
/* End XCConfigurationList section */
	};
	rootObject = 0C0E69C22C2F6C42006A35AD /* Project object */;
}
